// !$*UTF8*$!
{
	archiveVersion = 1;
	classes = {
	};
	objectVersion = 110;
	objects = {

/* Begin PBXContainerItemProxy section */
		6593E9BF30590BD200E6195A /* PBXContainerItemProxy */ = {
			isa = PBXContainerItemProxy;
			containerPortal = 6593E9A530590BD000E6195A /* Project object */;
			proxyType = 1;
			remoteGlobalIDString = 6593E9AC30590BD000E6195A;
			remoteInfo = Taxman;
		};
		6593E9C930590BD200E6195A /* PBXContainerItemProxy */ = {
			isa = PBXContainerItemProxy;
			containerPortal = 6593E9A530590BD000E6195A /* Project object */;
			proxyType = 1;
			remoteGlobalIDString = 6593E9AC30590BD000E6195A;
			remoteInfo = Taxman;
		};
/* End PBXContainerItemProxy section */

/* Begin PBXFileReference section */
		6593E9AD30590BD000E6195A /* Taxman.app */ = {isa = PBXFileReference; explicitFileType = wrapper.application; includeInIndex = 0; path = Taxman.app; sourceTree = BUILT_PRODUCTS_DIR; };
		6593E9BE30590BD200E6195A /* TaxmanTests.xctest */ = {isa = PBXFileReference; explicitFileType = wrapper.cfbundle; includeInIndex = 0; path = TaxmanTests.xctest; sourceTree = BUILT_PRODUCTS_DIR; };
		6593E9C830590BD200E6195A /* TaxmanUITests.xctest */ = {isa = PBXFileReference; explicitFileType = wrapper.cfbundle; includeInIndex = 0; path = TaxmanUITests.xctest; sourceTree = BUILT_PRODUCTS_DIR; };
/* End PBXFileReference section */

/* Begin PBXFileSystemSynchronizedBuildFileExceptionSet section */
		6593E9CE30590BD200E6195A /* Exceptions for "Taxman" folder in "Taxman" target */ = {
			isa = PBXFileSystemSynchronizedBuildFileExceptionSet;
			membershipExceptions = (
				Info.plist,
			);
			target = 6593E9AC30590BD000E6195A /* Taxman */;
		};
/* End PBXFileSystemSynchronizedBuildFileExceptionSet section */

/* Begin PBXFileSystemSynchronizedRootGroup section */
		6593E9AF30590BD000E6195A /* Taxman */ = {
			isa = PBXFileSystemSynchronizedRootGroup;
			exceptions = (
				6593E9CE30590BD200E6195A /* Exceptions for "Taxman" folder in "Taxman" target */,
			);
			path = Taxman;
			sourceTree = "<group>";
		};
		6593E9C130590BD200E6195A /* TaxmanTests */ = {
			isa = PBXFileSystemSynchronizedRootGroup;
			path = TaxmanTests;
			sourceTree = "<group>";
		};
		6593E9CB30590BD200E6195A /* TaxmanUITests */ = {
			isa = PBXFileSystemSynchronizedRootGroup;
			path = TaxmanUITests;
			sourceTree = "<group>";
		};
/* End PBXFileSystemSynchronizedRootGroup section */

/* Begin PBXFrameworksBuildPhase section */
		6593E9AA30590BD000E6195A /* Frameworks */ = {
			isa = PBXFrameworksBuildPhase;
			files = (
			);
		};
		6593E9BB30590BD200E6195A /* Frameworks */ = {
			isa = PBXFrameworksBuildPhase;
			files = (
			);
		};
		6593E9C530590BD200E6195A /* Frameworks */ = {
			isa = PBXFrameworksBuildPhase;
			files = (
			);
		};
/* End PBXFrameworksBuildPhase section */

/* Begin PBXGroup section */
		6593E9A430590BD000E6195A = {
			isa = PBXGroup;
			children = (
				6593E9AF30590BD000E6195A /* Taxman */,
				6593E9C130590BD200E6195A /* TaxmanTests */,
				6593E9CB30590BD200E6195A /* TaxmanUITests */,
				6593E9AE30590BD000E6195A /* Products */,
			);
			sourceTree = "<group>";
		};
		6593E9AE30590BD000E6195A /* Products */ = {
			isa = PBXGroup;
			children = (
				6593E9AD30590BD000E6195A /* Taxman.app */,
				6593E9BE30590BD200E6195A /* TaxmanTests.xctest */,
				6593E9C830590BD200E6195A /* TaxmanUITests.xctest */,
			);
			name = Products;
			sourceTree = "<group>";
		};
/* End PBXGroup section */

/* Begin PBXNativeTarget section */
		6593E9AC30590BD000E6195A /* Taxman */ = {
			isa = PBXNativeTarget;
			buildConfigurationList = 6593E9CF30590BD200E6195A /* Build configuration list for PBXNativeTarget "Taxman" */;
			buildPhases = (
				6593E9A930590BD000E6195A /* Sources */,
				6593E9AA30590BD000E6195A /* Frameworks */,
				6593E9AB30590BD000E6195A /* Resources */,
			);
			buildRules = (
			);
			fileSystemSynchronizedGroups = (
				6593E9AF30590BD000E6195A /* Taxman */,
			);
			name = Taxman;
			productName = Taxman;
			productReference = 6593E9AD30590BD000E6195A /* Taxman.app */;
			productType = "com.apple.product-type.application";
		};
		6593E9BD30590BD200E6195A /* TaxmanTests */ = {
			isa = PBXNativeTarget;
			buildConfigurationList = 6593E9D430590BD200E6195A /* Build configuration list for PBXNativeTarget "TaxmanTests" */;
			buildPhases = (
				6593E9BA30590BD200E6195A /* Sources */,
				6593E9BB30590BD200E6195A /* Frameworks */,
				6593E9BC30590BD200E6195A /* Resources */,
			);
			buildRules = (
			);
			dependencies = (
				6593E9C030590BD200E6195A /* PBXTargetDependency */,
			);
			fileSystemSynchronizedGroups = (
				6593E9C130590BD200E6195A /* TaxmanTests */,
			);
			name = TaxmanTests;
			productName = TaxmanTests;
			productReference = 6593E9BE30590BD200E6195A /* TaxmanTests.xctest */;
			productType = "com.apple.product-type.bundle.unit-test";
		};
		6593E9C730590BD200E6195A /* TaxmanUITests */ = {
			isa = PBXNativeTarget;
			buildConfigurationList = 6593E9D730590BD200E6195A /* Build configuration list for PBXNativeTarget "TaxmanUITests" */;
			buildPhases = (
				6593E9C430590BD200E6195A /* Sources */,
				6593E9C530590BD200E6195A /* Frameworks */,
				6593E9C630590BD200E6195A /* Resources */,
			);
			buildRules = (
			);
			dependencies = (
				6593E9CA30590BD200E6195A /* PBXTargetDependency */,
			);
			fileSystemSynchronizedGroups = (
				6593E9CB30590BD200E6195A /* TaxmanUITests */,
			);
			name = TaxmanUITests;
			productName = TaxmanUITests;
			productReference = 6593E9C830590BD200E6195A /* TaxmanUITests.xctest */;
			productType = "com.apple.product-type.bundle.ui-testing";
		};
/* End PBXNativeTarget section */

/* Begin PBXProject section */
		6593E9A530590BD000E6195A /* Project object */ = {
			isa = PBXProject;
			attributes = {
				BuildIndependentTargetsInParallel = 1;
				LastSwiftUpdateCheck = 2700;
				LastUpgradeCheck = 2700;
				TargetAttributes = {
					6593E9AC30590BD000E6195A = {
						CreatedOnToolsVersion = 27.0;
					};
					6593E9BD30590BD200E6195A = {
						CreatedOnToolsVersion = 27.0;
						TestTargetID = 6593E9AC30590BD000E6195A;
					};
					6593E9C730590BD200E6195A = {
						CreatedOnToolsVersion = 27.0;
						TestTargetID = 6593E9AC30590BD000E6195A;
					};
				};
			};
			buildConfigurationList = 6593E9A830590BD000E6195A /* Build configuration list for PBXProject "Taxman" */;
			developmentRegion = en;
			hasScannedForEncodings = 0;
			knownRegions = (
				en,
				Base,
			);
			mainGroup = 6593E9A430590BD000E6195A;
			minimizedProjectReferenceProxies = 1;
			preferredProjectObjectVersion = 77;
			productRefGroup = 6593E9AE30590BD000E6195A /* Products */;
			projectDirPath = "";
			projectRoot = "";
			targets = (
				6593E9AC30590BD000E6195A /* Taxman */,
				6593E9BD30590BD200E6195A /* TaxmanTests */,
				6593E9C730590BD200E6195A /* TaxmanUITests */,
			);
		};
/* End PBXProject section */

/* Begin PBXResourcesBuildPhase section */
		6593E9AB30590BD000E6195A /* Resources */ = {
			isa = PBXResourcesBuildPhase;
			files = (
			);
		};
		6593E9BC30590BD200E6195A /* Resources */ = {
			isa = PBXResourcesBuildPhase;
			files = (
			);
		};
		6593E9C630590BD200E6195A /* Resources */ = {
			isa = PBXResourcesBuildPhase;
			files = (
			);
		};
/* End PBXResourcesBuildPhase section */

/* Begin PBXSourcesBuildPhase section */
		6593E9A930590BD000E6195A /* Sources */ = {
			isa = PBXSourcesBuildPhase;
			files = (
			);
		};
		6593E9BA30590BD200E6195A /* Sources */ = {
			isa = PBXSourcesBuildPhase;
			files = (
			);
		};
		6593E9C430590BD200E6195A /* Sources */ = {
			isa = PBXSourcesBuildPhase;
			files = (
			);
		};
/* End PBXSourcesBuildPhase section */

/* Begin PBXTargetDependency section */
		6593E9C030590BD200E6195A /* PBXTargetDependency */ = {
			isa = PBXTargetDependency;
			target = 6593E9AC30590BD000E6195A /* Taxman */;
			targetProxy = 6593E9BF30590BD200E6195A /* PBXContainerItemProxy */;
		};
		6593E9CA30590BD200E6195A /* PBXTargetDependency */ = {
			isa = PBXTargetDependency;
			target = 6593E9AC30590BD000E6195A /* Taxman */;
			targetProxy = 6593E9C930590BD200E6195A /* PBXContainerItemProxy */;
		};
/* End PBXTargetDependency section */

/* Begin XCBuildConfiguration section */
		6593E9D030590BD200E6195A /* Debug configuration for PBXNativeTarget "Taxman" */ = {
			isa = XCBuildConfiguration;
			buildSettings = {
				ASSETCATALOG_COMPILER_APPICON_NAME = AppIcon;
				ASSETCATALOG_COMPILER_GLOBAL_ACCENT_COLOR_NAME = AccentColor;
				CODE_SIGN_ENTITLEMENTS = Taxman/Taxman.entitlements;
				CODE_SIGN_STYLE = Automatic;
				CURRENT_PROJECT_VERSION = 1;
				DEVELOPMENT_TEAM = L62K457NDQ;
				ENABLE_PREVIEWS = YES;
				GENERATE_INFOPLIST_FILE = YES;
				INFOPLIST_FILE = Taxman/Info.plist;
				INFOPLIST_KEY_UIApplicationSceneManifest_Generation = YES;
				INFOPLIST_KEY_UIApplicationSupportsIndirectInputEvents = YES;
				INFOPLIST_KEY_UILaunchScreen_Generation = YES;
				INFOPLIST_KEY_UISupportedInterfaceOrientations_iPad = "UIInterfaceOrientationPortrait UIInterfaceOrientationPortraitUpsideDown UIInterfaceOrientationLandscapeLeft UIInterfaceOrientationLandscapeRight";
				INFOPLIST_KEY_UISupportedInterfaceOrientations_iPhone = "UIInterfaceOrientationPortrait UIInterfaceOrientationLandscapeLeft UIInterfaceOrientationLandscapeRight";
				LD_RUNPATH_SEARCH_PATHS = (
					"$(inherited)",
					"@executable_path/Frameworks",
				);
				MARKETING_VERSION = 1.0;
				PRODUCT_BUNDLE_IDENTIFIER = org.inksky.Taxman;
				PRODUCT_NAME = "$(TARGET_NAME)";
				STRING_CATALOG_GENERATE_SYMBOLS = YES;
				SWIFT_APPROACHABLE_CONCURRENCY = YES;
				SWIFT_DEFAULT_ACTOR_ISOLATION = MainActor;
				SWIFT_EMIT_LOC_STRINGS = YES;
				SWIFT_UPCOMING_FEATURE_MEMBER_IMPORT_VISIBILITY = YES;
				SWIFT_VERSION = 5.0;
				TARGETED_DEVICE_FAMILY = "1,2";
			};
			name = Debug;
		};
		6593E9D130590BD200E6195A /* Release configuration for PBXNativeTarget "Taxman" */ = {
			isa = XCBuildConfiguration;
			buildSettings = {
				ASSETCATALOG_COMPILER_APPICON_NAME = AppIcon;
				ASSETCATALOG_COMPILER_GLOBAL_ACCENT_COLOR_NAME = AccentColor;
				CODE_SIGN_ENTITLEMENTS = Taxman/Taxman.entitlements;
				CODE_SIGN_STYLE = Automatic;
				CURRENT_PROJECT_VERSION = 1;
				DEVELOPMENT_TEAM = L62K457NDQ;
				ENABLE_PREVIEWS = YES;
				GENERATE_INFOPLIST_FILE = YES;
				INFOPLIST_FILE = Taxman/Info.plist;
				INFOPLIST_KEY_UIApplicationSceneManifest_Generation = YES;
				INFOPLIST_KEY_UIApplicationSupportsIndirectInputEvents = YES;
				INFOPLIST_KEY_UILaunchScreen_Generation = YES;
				INFOPLIST_KEY_UISupportedInterfaceOrientations_iPad = "UIInterfaceOrientationPortrait UIInterfaceOrientationPortraitUpsideDown UIInterfaceOrientationLandscapeLeft UIInterfaceOrientationLandscapeRight";
				INFOPLIST_KEY_UISupportedInterfaceOrientations_iPhone = "UIInterfaceOrientationPortrait UIInterfaceOrientationLandscapeLeft UIInterfaceOrientationLandscapeRight";
				LD_RUNPATH_SEARCH_PATHS = (
					"$(inherited)",
					"@executable_path/Frameworks",
				);
				MARKETING_VERSION = 1.0;
				PRODUCT_BUNDLE_IDENTIFIER = org.inksky.Taxman;
				PRODUCT_NAME = "$(TARGET_NAME)";
				STRING_CATALOG_GENERATE_SYMBOLS = YES;
				SWIFT_APPROACHABLE_CONCURRENCY = YES;
				SWIFT_DEFAULT_ACTOR_ISOLATION = MainActor;
				SWIFT_EMIT_LOC_STRINGS = YES;
				SWIFT_UPCOMING_FEATURE_MEMBER_IMPORT_VISIBILITY = YES;
				SWIFT_VERSION = 5.0;
				TARGETED_DEVICE_FAMILY = "1,2";
			};
			name = Release;
		};
		6593E9D230590BD200E6195A /* Debug configuration for PBXProject "Taxman" */ = {
			isa = XCBuildConfiguration;
			buildSettings = {
				ALWAYS_SEARCH_USER_PATHS = NO;
				ASSETCATALOG_COMPILER_GENERATE_SWIFT_ASSET_SYMBOL_EXTENSIONS = YES;
				CLANG_ANALYZER_NONNULL = YES;
				CLANG_ANALYZER_NUMBER_OBJECT_CONVERSION = YES_AGGRESSIVE;
				CLANG_CXX_LANGUAGE_STANDARD = "gnu++20";
				CLANG_ENABLE_MODULES = YES;
				CLANG_ENABLE_OBJC_ARC = YES;
				CLANG_ENABLE_OBJC_WEAK = YES;
				CLANG_WARN_BLOCK_CAPTURE_AUTORELEASING = YES;
				CLANG_WARN_BOOL_CONVERSION = YES;
				CLANG_WARN_COMMA = YES;
				CLANG_WARN_CONSTANT_CONVERSION = YES;
				CLANG_WARN_DEPRECATED_OBJC_IMPLEMENTATIONS = YES;
				CLANG_WARN_DIRECT_OBJC_ISA_USAGE = YES_ERROR;
				CLANG_WARN_DOCUMENTATION_COMMENTS = YES;
				CLANG_WARN_EMPTY_BODY = YES;
				CLANG_WARN_ENUM_CONVERSION = YES;
				CLANG_WARN_INFINITE_RECURSION = YES;
				CLANG_WARN_INT_CONVERSION = YES;
				CLANG_WARN_NON_LITERAL_NULL_CONVERSION = YES;
				CLANG_WARN_OBJC_IMPLICIT_RETAIN_SELF = YES;
				CLANG_WARN_OBJC_LITERAL_CONVERSION = YES;
				CLANG_WARN_OBJC_ROOT_CLASS = YES_ERROR;
				CLANG_WARN_QUOTED_INCLUDE_IN_FRAMEWORK_HEADER = YES;
				CLANG_WARN_RANGE_LOOP_ANALYSIS = YES;
				CLANG_WARN_STRICT_PROTOTYPES = YES;
				CLANG_WARN_SUSPICIOUS_MOVE = YES;
				CLANG_WARN_UNGUARDED_AVAILABILITY = YES_AGGRESSIVE;
				CLANG_WARN_UNREACHABLE_CODE = YES;
				CLANG_WARN__DUPLICATE_METHOD_MATCH = YES;
				COPY_PHASE_STRIP = NO;
				DEBUG_INFORMATION_FORMAT = dwarf;
				DEVELOPMENT_TEAM = L62K457NDQ;
				ENABLE_STRICT_OBJC_MSGSEND = YES;
				ENABLE_TESTABILITY = YES;
				ENABLE_USER_SCRIPT_SANDBOXING = YES;
				GCC_C_LANGUAGE_STANDARD = gnu17;
				GCC_DYNAMIC_NO_PIC = NO;
				GCC_NO_COMMON_BLOCKS = YES;
				GCC_OPTIMIZATION_LEVEL = 0;
				GCC_PREPROCESSOR_DEFINITIONS = (
					"DEBUG=1",
					"$(inherited)",
				);
				GCC_WARN_64_TO_32_BIT_CONVERSION = YES;
				GCC_WARN_ABOUT_RETURN_TYPE = YES_ERROR;
				GCC_WARN_UNDECLARED_SELECTOR = YES;
				GCC_WARN_UNINITIALIZED_AUTOS = YES_AGGRESSIVE;
				GCC_WARN_UNUSED_FUNCTION = YES;
				GCC_WARN_UNUSED_VARIABLE = YES;
				IPHONEOS_DEPLOYMENT_TARGET = 27.0;
				LOCALIZATION_PREFERS_STRING_CATALOGS = YES;
				MTL_ENABLE_DEBUG_INFO = INCLUDE_SOURCE;
				MTL_FAST_MATH = YES;
				ONLY_ACTIVE_ARCH = YES;
				SDKROOT = iphoneos;
				SWIFT_ACTIVE_COMPILATION_CONDITIONS = "DEBUG $(inherited)";
				SWIFT_OPTIMIZATION_LEVEL = "-Onone";
			};
			name = Debug;
		};
		6593E9D330590BD200E6195A /* Release configuration for PBXProject "Taxman" */ = {
			isa = XCBuildConfiguration;
			buildSettings = {
				ALWAYS_SEARCH_USER_PATHS = NO;
				ASSETCATALOG_COMPILER_GENERATE_SWIFT_ASSET_SYMBOL_EXTENSIONS = YES;
				CLANG_ANALYZER_NONNULL = YES;
				CLANG_ANALYZER_NUMBER_OBJECT_CONVERSION = YES_AGGRESSIVE;
				CLANG_CXX_LANGUAGE_STANDARD = "gnu++20";
				CLANG_ENABLE_MODULES = YES;
				CLANG_ENABLE_OBJC_ARC = YES;
				CLANG_ENABLE_OBJC_WEAK = YES;
				CLANG_WARN_BLOCK_CAPTURE_AUTORELEASING = YES;
				CLANG_WARN_BOOL_CONVERSION = YES;
				CLANG_WARN_COMMA = YES;
				CLANG_WARN_CONSTANT_CONVERSION = YES;
				CLANG_WARN_DEPRECATED_OBJC_IMPLEMENTATIONS = YES;
				CLANG_WARN_DIRECT_OBJC_ISA_USAGE = YES_ERROR;
				CLANG_WARN_DOCUMENTATION_COMMENTS = YES;
				CLANG_WARN_EMPTY_BODY = YES;
				CLANG_WARN_ENUM_CONVERSION = YES;
				CLANG_WARN_INFINITE_RECURSION = YES;
				CLANG_WARN_INT_CONVERSION = YES;
				CLANG_WARN_NON_LITERAL_NULL_CONVERSION = YES;
				CLANG_WARN_OBJC_IMPLICIT_RETAIN_SELF = YES;
				CLANG_WARN_OBJC_LITERAL_CONVERSION = YES;
				CLANG_WARN_OBJC_ROOT_CLASS = YES_ERROR;
				CLANG_WARN_QUOTED_INCLUDE_IN_FRAMEWORK_HEADER = YES;
				CLANG_WARN_RANGE_LOOP_ANALYSIS = YES;
				CLANG_WARN_STRICT_PROTOTYPES = YES;
				CLANG_WARN_SUSPICIOUS_MOVE = YES;
				CLANG_WARN_UNGUARDED_AVAILABILITY = YES_AGGRESSIVE;
				CLANG_WARN_UNREACHABLE_CODE = YES;
				CLANG_WARN__DUPLICATE_METHOD_MATCH = YES;
				COPY_PHASE_STRIP = NO;
				DEBUG_INFORMATION_FORMAT = "dwarf-with-dsym";
				DEVELOPMENT_TEAM = L62K457NDQ;
				ENABLE_NS_ASSERTIONS = NO;
				ENABLE_STRICT_OBJC_MSGSEND = YES;
				ENABLE_USER_SCRIPT_SANDBOXING = YES;
				GCC_C_LANGUAGE_STANDARD = gnu17;
				GCC_NO_COMMON_BLOCKS = YES;
				GCC_WARN_64_TO_32_BIT_CONVERSION = YES;
				GCC_WARN_ABOUT_RETURN_TYPE = YES_ERROR;
				GCC_WARN_UNDECLARED_SELECTOR = YES;
				GCC_WARN_UNINITIALIZED_AUTOS = YES_AGGRESSIVE;
				GCC_WARN_UNUSED_FUNCTION = YES;
				GCC_WARN_UNUSED_VARIABLE = YES;
				IPHONEOS_DEPLOYMENT_TARGET = 27.0;
				LOCALIZATION_PREFERS_STRING_CATALOGS = YES;
				MTL_ENABLE_DEBUG_INFO = NO;
				MTL_FAST_MATH = YES;
				SDKROOT = iphoneos;
				SWIFT_COMPILATION_MODE = wholemodule;
				VALIDATE_PRODUCT = YES;
			};
			name = Release;
		};
		6593E9D530590BD200E6195A /* Debug configuration for PBXNativeTarget "TaxmanTests" */ = {
			isa = XCBuildConfiguration;
			buildSettings = {
				BUNDLE_LOADER = "$(TEST_HOST)";
				CODE_SIGN_STYLE = Automatic;
				CURRENT_PROJECT_VERSION = 1;
				DEVELOPMENT_TEAM = L62K457NDQ;
				GENERATE_INFOPLIST_FILE = YES;
				IPHONEOS_DEPLOYMENT_TARGET = 27.0;
				MARKETING_VERSION = 1.0;
				PRODUCT_BUNDLE_IDENTIFIER = org.inksky.TaxmanTests;
				PRODUCT_NAME = "$(TARGET_NAME)";
				STRING_CATALOG_GENERATE_SYMBOLS = NO;
				SWIFT_APPROACHABLE_CONCURRENCY = YES;
				SWIFT_EMIT_LOC_STRINGS = NO;
				SWIFT_UPCOMING_FEATURE_MEMBER_IMPORT_VISIBILITY = YES;
				SWIFT_VERSION = 5.0;
				TARGETED_DEVICE_FAMILY = "1,2";
				TEST_HOST = "$(BUILT_PRODUCTS_DIR)/Taxman.app/$(BUNDLE_EXECUTABLE_FOLDER_PATH)/Taxman";
			};
			name = Debug;
		};
		6593E9D630590BD200E6195A /* Release configuration for PBXNativeTarget "TaxmanTests" */ = {
			isa = XCBuildConfiguration;
			buildSettings = {
				BUNDLE_LOADER = "$(TEST_HOST)";
				CODE_SIGN_STYLE = Automatic;
				CURRENT_PROJECT_VERSION = 1;
				DEVELOPMENT_TEAM = L62K457NDQ;
				GENERATE_INFOPLIST_FILE = YES;
				IPHONEOS_DEPLOYMENT_TARGET = 27.0;
				MARKETING_VERSION = 1.0;
				PRODUCT_BUNDLE_IDENTIFIER = org.inksky.TaxmanTests;
				PRODUCT_NAME = "$(TARGET_NAME)";
				STRING_CATALOG_GENERATE_SYMBOLS = NO;
				SWIFT_APPROACHABLE_CONCURRENCY = YES;
				SWIFT_EMIT_LOC_STRINGS = NO;
				SWIFT_UPCOMING_FEATURE_MEMBER_IMPORT_VISIBILITY = YES;
				SWIFT_VERSION = 5.0;
				TARGETED_DEVICE_FAMILY = "1,2";
				TEST_HOST = "$(BUILT_PRODUCTS_DIR)/Taxman.app/$(BUNDLE_EXECUTABLE_FOLDER_PATH)/Taxman";
			};
			name = Release;
		};
		6593E9D830590BD200E6195A /* Debug configuration for PBXNativeTarget "TaxmanUITests" */ = {
			isa = XCBuildConfiguration;
			buildSettings = {
				CODE_SIGN_STYLE = Automatic;
				CURRENT_PROJECT_VERSION = 1;
				DEVELOPMENT_TEAM = L62K457NDQ;
				GENERATE_INFOPLIST_FILE = YES;
				MARKETING_VERSION = 1.0;
				PRODUCT_BUNDLE_IDENTIFIER = org.inksky.TaxmanUITests;
				PRODUCT_NAME = "$(TARGET_NAME)";
				STRING_CATALOG_GENERATE_SYMBOLS = NO;
				SWIFT_APPROACHABLE_CONCURRENCY = YES;
				SWIFT_EMIT_LOC_STRINGS = NO;
				SWIFT_UPCOMING_FEATURE_MEMBER_IMPORT_VISIBILITY = YES;
				SWIFT_VERSION = 5.0;
				TARGETED_DEVICE_FAMILY = "1,2";
				TEST_TARGET_NAME = Taxman;
			};
			name = Debug;
		};
		6593E9D930590BD200E6195A /* Release configuration for PBXNativeTarget "TaxmanUITests" */ = {
			isa = XCBuildConfiguration;
			buildSettings = {
				CODE_SIGN_STYLE = Automatic;
				CURRENT_PROJECT_VERSION = 1;
				DEVELOPMENT_TEAM = L62K457NDQ;
				GENERATE_INFOPLIST_FILE = YES;
				MARKETING_VERSION = 1.0;
				PRODUCT_BUNDLE_IDENTIFIER = org.inksky.TaxmanUITests;
				PRODUCT_NAME = "$(TARGET_NAME)";
				STRING_CATALOG_GENERATE_SYMBOLS = NO;
				SWIFT_APPROACHABLE_CONCURRENCY = YES;
				SWIFT_EMIT_LOC_STRINGS = NO;
				SWIFT_UPCOMING_FEATURE_MEMBER_IMPORT_VISIBILITY = YES;
				SWIFT_VERSION = 5.0;
				TARGETED_DEVICE_FAMILY = "1,2";
				TEST_TARGET_NAME = Taxman;
			};
			name = Release;
		};
/* End XCBuildConfiguration section */

/* Begin XCConfigurationList section */
		6593E9A830590BD000E6195A /* Build configuration list for PBXProject "Taxman" */ = {
			isa = XCConfigurationList;
			buildConfigurations = (
				6593E9D230590BD200E6195A /* Debug configuration for PBXProject "Taxman" */,
				6593E9D330590BD200E6195A /* Release configuration for PBXProject "Taxman" */,
			);
			defaultConfigurationName = Release;
		};
		6593E9CF30590BD200E6195A /* Build configuration list for PBXNativeTarget "Taxman" */ = {
			isa = XCConfigurationList;
			buildConfigurations = (
				6593E9D030590BD200E6195A /* Debug configuration for PBXNativeTarget "Taxman" */,
				6593E9D130590BD200E6195A /* Release configuration for PBXNativeTarget "Taxman" */,
			);
			defaultConfigurationName = Release;
		};
		6593E9D430590BD200E6195A /* Build configuration list for PBXNativeTarget "TaxmanTests" */ = {
			isa = XCConfigurationList;
			buildConfigurations = (
				6593E9D530590BD200E6195A /* Debug configuration for PBXNativeTarget "TaxmanTests" */,
				6593E9D630590BD200E6195A /* Release configuration for PBXNativeTarget "TaxmanTests" */,
			);
			defaultConfigurationName = Release;
		};
		6593E9D730590BD200E6195A /* Build configuration list for PBXNativeTarget "TaxmanUITests" */ = {
			isa = XCConfigurationList;
			buildConfigurations = (
				6593E9D830590BD200E6195A /* Debug configuration for PBXNativeTarget "TaxmanUITests" */,
				6593E9D930590BD200E6195A /* Release configuration for PBXNativeTarget "TaxmanUITests" */,
			);
			defaultConfigurationName = Release;
		};
/* End XCConfigurationList section */
	};
	rootObject = 6593E9A530590BD000E6195A /* Project object */;
	validationLevel = 1;
}
